PODS:
  - Alamofire (5.5.0)
  - AlamofireImage (4.2.0):
    - Alamofire (~> 5.4)
  - GoogleMaps (6.1.1):
    - GoogleMaps/Maps (= 6.1.1)
  - GoogleMaps/Base (6.1.1)
  - GoogleMaps/Maps (6.1.1):
    - GoogleMaps/Base

DEPENDENCIES:
  - AlamofireImage
  - GoogleMaps

SPEC REPOS:
  trunk:
    - Alamofire
    - AlamofireImage
    - GoogleMaps

SPEC CHECKSUMS:
  Alamofire: 1c4fb5369c3fe93d2857c780d8bbe09f06f97e7c
  AlamofireImage: 34a2d90b0e5fe6a5605f85ae4b7b01e784c60192
  GoogleMaps: 94e6e0851beece6678af9f508f4918b7a7c61722

PODFILE CHECKSUM: e58f1f203e2071e6431d9eddac55681decb5f3de

COCOAPODS: 1.11.2
